// !$*UTF8*$!
{
	archiveVersion = 1;
	classes = {
	};
	objectVersion = 55;
	objects = {

/* Begin PBXBuildFile section */
		388789D4281907D5007D8E1B /* iSightApp.swift in Sources */ = {isa = PBXBuildFile; fileRef = 388789D3281907D5007D8E1B /* iSightApp.swift */; };
		388789D6281907D5007D8E1B /* ContentView.swift in Sources */ = {isa = PBXBuildFile; fileRef = 388789D5281907D5007D8E1B /* ContentView.swift */; };
		388789D8281907D6007D8E1B /* Assets.xcassets in Resources */ = {isa = PBXBuildFile; fileRef = 388789D7281907D6007D8E1B /* Assets.xcassets */; };
		388789DB281907D6007D8E1B /* Preview Assets.xcassets in Resources */ = {isa = PBXBuildFile; fileRef = 388789DA281907D6007D8E1B /* Preview Assets.xcassets */; };
		388789E5281907D6007D8E1B /* iSightTests.swift in Sources */ = {isa = PBXBuildFile; fileRef = 388789E4281907D6007D8E1B /* iSightTests.swift */; };
		388789EF281907D6007D8E1B /* iSightUITests.swift in Sources */ = {isa = PBXBuildFile; fileRef = 388789EE281907D6007D8E1B /* iSightUITests.swift */; };
		388789F1281907D6007D8E1B /* iSightUITestsLaunchTests.swift in Sources */ = {isa = PBXBuildFile; fileRef = 388789F0281907D6007D8E1B /* iSightUITestsLaunchTests.swift */; };
		38DE969A2829AA4E0054717B /* CameraView.swift in Sources */ = {isa = PBXBuildFile; fileRef = 38DE96992829AA4E0054717B /* CameraView.swift */; };
		38DE9733282C83E40054717B /* Resnet50.mlmodel in Sources */ = {isa = PBXBuildFile; fileRef = 38DE9732282C83E40054717B /* Resnet50.mlmodel */; };
		38DE973B2830D2790054717B /* CameraService.swift in Sources */ = {isa = PBXBuildFile; fileRef = 38DE973A2830D2790054717B /* CameraService.swift */; };
/* End PBXBuildFile section */

/* Begin PBXContainerItemProxy section */
		388789E1281907D6007D8E1B /* PBXContainerItemProxy */ = {
			isa = PBXContainerItemProxy;
			containerPortal = 388789C8281907D5007D8E1B /* Project object */;
			proxyType = 1;
			remoteGlobalIDString = 388789CF281907D5007D8E1B;
			remoteInfo = iSight;
		};
		388789EB281907D6007D8E1B /* PBXContainerItemProxy */ = {
			isa = PBXContainerItemProxy;
			containerPortal = 388789C8281907D5007D8E1B /* Project object */;
			proxyType = 1;
			remoteGlobalIDString = 388789CF281907D5007D8E1B;
			remoteInfo = iSight;
		};
/* End PBXContainerItemProxy section */

/* Begin PBXFileReference section */
		388789D0281907D5007D8E1B /* iSight.app */ = {isa = PBXFileReference; explicitFileType = wrapper.application; includeInIndex = 0; path = iSight.app; sourceTree = BUILT_PRODUCTS_DIR; };
		388789D3281907D5007D8E1B /* iSightApp.swift */ = {isa = PBXFileReference; lastKnownFileType = sourcecode.swift; path = iSightApp.swift; sourceTree = "<group>"; };
		388789D5281907D5007D8E1B /* ContentView.swift */ = {isa = PBXFileReference; lastKnownFileType = sourcecode.swift; path = ContentView.swift; sourceTree = "<group>"; };
		388789D7281907D6007D8E1B /* Assets.xcassets */ = {isa = PBXFileReference; lastKnownFileType = folder.assetcatalog; path = Assets.xcassets; sourceTree = "<group>"; };
		388789DA281907D6007D8E1B /* Preview Assets.xcassets */ = {isa = PBXFileReference; lastKnownFileType = folder.assetcatalog; path = "Preview Assets.xcassets"; sourceTree = "<group>"; };
		388789E0281907D6007D8E1B /* iSightTests.xctest */ = {isa = PBXFileReference; explicitFileType = wrapper.cfbundle; includeInIndex = 0; path = iSightTests.xctest; sourceTree = BUILT_PRODUCTS_DIR; };
		388789E4281907D6007D8E1B /* iSightTests.swift */ = {isa = PBXFileReference; lastKnownFileType = sourcecode.swift; path = iSightTests.swift; sourceTree = "<group>"; };
		388789EA281907D6007D8E1B /* iSightUITests.xctest */ = {isa = PBXFileReference; explicitFileType = wrapper.cfbundle; includeInIndex = 0; path = iSightUITests.xctest; sourceTree = BUILT_PRODUCTS_DIR; };
		388789EE281907D6007D8E1B /* iSightUITests.swift */ = {isa = PBXFileReference; lastKnownFileType = sourcecode.swift; path = iSightUITests.swift; sourceTree = "<group>"; };
		388789F0281907D6007D8E1B /* iSightUITestsLaunchTests.swift */ = {isa = PBXFileReference; lastKnownFileType = sourcecode.swift; path = iSightUITestsLaunchTests.swift; sourceTree = "<group>"; };
		38DE96992829AA4E0054717B /* CameraView.swift */ = {isa = PBXFileReference; lastKnownFileType = sourcecode.swift; path = CameraView.swift; sourceTree = "<group>"; };
		38DE9732282C83E40054717B /* Resnet50.mlmodel */ = {isa = PBXFileReference; lastKnownFileType = file.mlmodel; path = Resnet50.mlmodel; sourceTree = "<group>"; };
		38DE973A2830D2790054717B /* CameraService.swift */ = {isa = PBXFileReference; lastKnownFileType = sourcecode.swift; path = CameraService.swift; sourceTree = "<group>"; };
/* End PBXFileReference section */

/* Begin PBXFrameworksBuildPhase section */
		388789CD281907D5007D8E1B /* Frameworks */ = {
			isa = PBXFrameworksBuildPhase;
			buildActionMask = 2147483647;
			files = (
			);
			runOnlyForDeploymentPostprocessing = 0;
		};
		388789DD281907D6007D8E1B /* Frameworks */ = {
			isa = PBXFrameworksBuildPhase;
			buildActionMask = 2147483647;
			files = (
			);
			runOnlyForDeploymentPostprocessing = 0;
		};
		388789E7281907D6007D8E1B /* Frameworks */ = {
			isa = PBXFrameworksBuildPhase;
			buildActionMask = 2147483647;
			files = (
			);
			runOnlyForDeploymentPostprocessing = 0;
		};
/* End PBXFrameworksBuildPhase section */

/* Begin PBXGroup section */
		388789C7281907D5007D8E1B = {
			isa = PBXGroup;
			children = (
				388789D2281907D5007D8E1B /* iSight */,
				388789E3281907D6007D8E1B /* iSightTests */,
				388789ED281907D6007D8E1B /* iSightUITests */,
				388789D1281907D5007D8E1B /* Products */,
			);
			sourceTree = "<group>";
		};
		388789D1281907D5007D8E1B /* Products */ = {
			isa = PBXGroup;
			children = (
				388789D0281907D5007D8E1B /* iSight.app */,
				388789E0281907D6007D8E1B /* iSightTests.xctest */,
				388789EA281907D6007D8E1B /* iSightUITests.xctest */,
			);
			name = Products;
			sourceTree = "<group>";
		};
		388789D2281907D5007D8E1B /* iSight */ = {
			isa = PBXGroup;
			children = (
				388789D3281907D5007D8E1B /* iSightApp.swift */,
				388789D5281907D5007D8E1B /* ContentView.swift */,
				38DE96992829AA4E0054717B /* CameraView.swift */,
				38DE973A2830D2790054717B /* CameraService.swift */,
				38DE9732282C83E40054717B /* Resnet50.mlmodel */,
				388789D7281907D6007D8E1B /* Assets.xcassets */,
				388789D9281907D6007D8E1B /* Preview Content */,
			);
			path = iSight;
			sourceTree = "<group>";
		};
		388789D9281907D6007D8E1B /* Preview Content */ = {
			isa = PBXGroup;
			children = (
				388789DA281907D6007D8E1B /* Preview Assets.xcassets */,
			);
			path = "Preview Content";
			sourceTree = "<group>";
		};
		388789E3281907D6007D8E1B /* iSightTests */ = {
			isa = PBXGroup;
			children = (
				388789E4281907D6007D8E1B /* iSightTests.swift */,
			);
			path = iSightTests;
			sourceTree = "<group>";
		};
		388789ED281907D6007D8E1B /* iSightUITests */ = {
			isa = PBXGroup;
			children = (
				388789EE281907D6007D8E1B /* iSightUITests.swift */,
				388789F0281907D6007D8E1B /* iSightUITestsLaunchTests.swift */,
			);
			path = iSightUITests;
			sourceTree = "<group>";
		};
/* End PBXGroup section */

/* Begin PBXNativeTarget section */
		388789CF281907D5007D8E1B /* iSight */ = {
			isa = PBXNativeTarget;
			buildConfigurationList = 388789F4281907D6007D8E1B /* Build configuration list for PBXNativeTarget "iSight" */;
			buildPhases = (
				388789CC281907D5007D8E1B /* Sources */,
				388789CD281907D5007D8E1B /* Frameworks */,
				388789CE281907D5007D8E1B /* Resources */,
			);
			buildRules = (
			);
			dependencies = (
			);
			name = iSight;
			productName = iSight;
			productReference = 388789D0281907D5007D8E1B /* iSight.app */;
			productType = "com.apple.product-type.application";
		};
		388789DF281907D6007D8E1B /* iSightTests */ = {
			isa = PBXNativeTarget;
			buildConfigurationList = 388789F7281907D6007D8E1B /* Build configuration list for PBXNativeTarget "iSightTests" */;
			buildPhases = (
				388789DC281907D6007D8E1B /* Sources */,
				388789DD281907D6007D8E1B /* Frameworks */,
				388789DE281907D6007D8E1B /* Resources */,
			);
			buildRules = (
			);
			dependencies = (
				388789E2281907D6007D8E1B /* PBXTargetDependency */,
			);
			name = iSightTests;
			productName = iSightTests;
			productReference = 388789E0281907D6007D8E1B /* iSightTests.xctest */;
			productType = "com.apple.product-type.bundle.unit-test";
		};
		388789E9281907D6007D8E1B /* iSightUITests */ = {
			isa = PBXNativeTarget;
			buildConfigurationList = 388789FA281907D6007D8E1B /* Build configuration list for PBXNativeTarget "iSightUITests" */;
			buildPhases = (
				388789E6281907D6007D8E1B /* Sources */,
				388789E7281907D6007D8E1B /* Frameworks */,
				388789E8281907D6007D8E1B /* Resources */,
			);
			buildRules = (
			);
			dependencies = (
				388789EC281907D6007D8E1B /* PBXTargetDependency */,
			);
			name = iSightUITests;
			productName = iSightUITests;
			productReference = 388789EA281907D6007D8E1B /* iSightUITests.xctest */;
			productType = "com.apple.product-type.bundle.ui-testing";
		};
/* End PBXNativeTarget section */

/* Begin PBXProject section */
		388789C8281907D5007D8E1B /* Project object */ = {
			isa = PBXProject;
			attributes = {
				BuildIndependentTargetsInParallel = 1;
				LastSwiftUpdateCheck = 1330;
				LastUpgradeCheck = 1330;
				TargetAttributes = {
					388789CF281907D5007D8E1B = {
						CreatedOnToolsVersion = 13.3.1;
					};
					388789DF281907D6007D8E1B = {
						CreatedOnToolsVersion = 13.3.1;
						TestTargetID = 388789CF281907D5007D8E1B;
					};
					388789E9281907D6007D8E1B = {
						CreatedOnToolsVersion = 13.3.1;
						TestTargetID = 388789CF281907D5007D8E1B;
					};
				};
			};
			buildConfigurationList = 388789CB281907D5007D8E1B /* Build configuration list for PBXProject "iSight" */;
			compatibilityVersion = "Xcode 13.0";
			developmentRegion = en;
			hasScannedForEncodings = 0;
			knownRegions = (
				en,
				Base,
			);
			mainGroup = 388789C7281907D5007D8E1B;
			productRefGroup = 388789D1281907D5007D8E1B /* Products */;
			projectDirPath = "";
			projectRoot = "";
			targets = (
				388789CF281907D5007D8E1B /* iSight */,
				388789DF281907D6007D8E1B /* iSightTests */,
				388789E9281907D6007D8E1B /* iSightUITests */,
			);
		};
/* End PBXProject section */

/* Begin PBXResourcesBuildPhase section */
		388789CE281907D5007D8E1B /* Resources */ = {
			isa = PBXResourcesBuildPhase;
			buildActionMask = 2147483647;
			files = (
				388789DB281907D6007D8E1B /* Preview Assets.xcassets in Resources */,
				388789D8281907D6007D8E1B /* Assets.xcassets in Resources */,
			);
			runOnlyForDeploymentPostprocessing = 0;
		};
		388789DE281907D6007D8E1B /* Resources */ = {
			isa = PBXResourcesBuildPhase;
			buildActionMask = 2147483647;
			files = (
			);
			runOnlyForDeploymentPostprocessing = 0;
		};
		388789E8281907D6007D8E1B /* Resources */ = {
			isa = PBXResourcesBuildPhase;
			buildActionMask = 2147483647;
			files = (
			);
			runOnlyForDeploymentPostprocessing = 0;
		};
/* End PBXResourcesBuildPhase section */

/* Begin PBXSourcesBuildPhase section */
		388789CC281907D5007D8E1B /* Sources */ = {
			isa = PBXSourcesBuildPhase;
			buildActionMask = 2147483647;
			files = (
				38DE973B2830D2790054717B /* CameraService.swift in Sources */,
				388789D6281907D5007D8E1B /* ContentView.swift in Sources */,
				388789D4281907D5007D8E1B /* iSightApp.swift in Sources */,
				38DE9733282C83E40054717B /* Resnet50.mlmodel in Sources */,
				38DE969A2829AA4E0054717B /* CameraView.swift in Sources */,
			);
			runOnlyForDeploymentPostprocessing = 0;
		};
		388789DC281907D6007D8E1B /* Sources */ = {
			isa = PBXSourcesBuildPhase;
			buildActionMask = 2147483647;
			files = (
				388789E5281907D6007D8E1B /* iSightTests.swift in Sources */,
			);
			runOnlyForDeploymentPostprocessing = 0;
		};
		388789E6281907D6007D8E1B /* Sources */ = {
			isa = PBXSourcesBuildPhase;
			buildActionMask = 2147483647;
			files = (
				388789F1281907D6007D8E1B /* iSightUITestsLaunchTests.swift in Sources */,
				388789EF281907D6007D8E1B /* iSightUITests.swift in Sources */,
			);
			runOnlyForDeploymentPostprocessing = 0;
		};
/* End PBXSourcesBuildPhase section */

/* Begin PBXTargetDependency section */
		388789E2281907D6007D8E1B /* PBXTargetDependency */ = {
			isa = PBXTargetDependency;
			target = 388789CF281907D5007D8E1B /* iSight */;
			targetProxy = 388789E1281907D6007D8E1B /* PBXContainerItemProxy */;
		};
		388789EC281907D6007D8E1B /* PBXTargetDependency */ = {
			isa = PBXTargetDependency;
			target = 388789CF281907D5007D8E1B /* iSight */;
			targetProxy = 388789EB281907D6007D8E1B /* PBXContainerItemProxy */;
		};
/* End PBXTargetDependency section */

/* Begin XCBuildConfiguration section */
		388789F2281907D6007D8E1B /* Debug */ = {
			isa = XCBuildConfiguration;
			buildSettings = {
				ALWAYS_SEARCH_USER_PATHS = NO;
				CLANG_ANALYZER_NONNULL = YES;
				CLANG_ANALYZER_NUMBER_OBJECT_CONVERSION = YES_AGGRESSIVE;
				CLANG_CXX_LANGUAGE_STANDARD = "gnu++17";
				CLANG_ENABLE_MODULES = YES;
				CLANG_ENABLE_OBJC_ARC = YES;
				CLANG_ENABLE_OBJC_WEAK = YES;
				CLANG_WARN_BLOCK_CAPTURE_AUTORELEASING = YES;
				CLANG_WARN_BOOL_CONVERSION = YES;
				CLANG_WARN_COMMA = YES;
				CLANG_WARN_CONSTANT_CONVERSION = YES;
				CLANG_WARN_DEPRECATED_OBJC_IMPLEMENTATIONS = YES;
				CLANG_WARN_DIRECT_OBJC_ISA_USAGE = YES_ERROR;
				CLANG_WARN_DOCUMENTATION_COMMENTS = YES;
				CLANG_WARN_EMPTY_BODY = YES;
				CLANG_WARN_ENUM_CONVERSION = YES;
				CLANG_WARN_INFINITE_RECURSION = YES;
				CLANG_WARN_INT_CONVERSION = YES;
				CLANG_WARN_NON_LITERAL_NULL_CONVERSION = YES;
				CLANG_WARN_OBJC_IMPLICIT_RETAIN_SELF = YES;
				CLANG_WARN_OBJC_LITERAL_CONVERSION = YES;
				CLANG_WARN_OBJC_ROOT_CLASS = YES_ERROR;
				CLANG_WARN_QUOTED_INCLUDE_IN_FRAMEWORK_HEADER = YES;
				CLANG_WARN_RANGE_LOOP_ANALYSIS = YES;
				CLANG_WARN_STRICT_PROTOTYPES = YES;
				CLANG_WARN_SUSPICIOUS_MOVE = YES;
				CLANG_WARN_UNGUARDED_AVAILABILITY = YES_AGGRESSIVE;
				CLANG_WARN_UNREACHABLE_CODE = YES;
				CLANG_WARN__DUPLICATE_METHOD_MATCH = YES;
				COPY_PHASE_STRIP = NO;
				DEBUG_INFORMATION_FORMAT = dwarf;
				ENABLE_STRICT_OBJC_MSGSEND = YES;
				ENABLE_TESTABILITY = YES;
				GCC_C_LANGUAGE_STANDARD = gnu11;
				GCC_DYNAMIC_NO_PIC = NO;
				GCC_NO_COMMON_BLOCKS = YES;
				GCC_OPTIMIZATION_LEVEL = 0;
				GCC_PREPROCESSOR_DEFINITIONS = (
					"DEBUG=1",
					"$(inherited)",
				);
				GCC_WARN_64_TO_32_BIT_CONVERSION = YES;
				GCC_WARN_ABOUT_RETURN_TYPE = YES_ERROR;
				GCC_WARN_UNDECLARED_SELECTOR = YES;
				GCC_WARN_UNINITIALIZED_AUTOS = YES_AGGRESSIVE;
				GCC_WARN_UNUSED_FUNCTION = YES;
				GCC_WARN_UNUSED_VARIABLE = YES;
				IPHONEOS_DEPLOYMENT_TARGET = 15.4;
				MTL_ENABLE_DEBUG_INFO = INCLUDE_SOURCE;
				MTL_FAST_MATH = YES;
				ONLY_ACTIVE_ARCH = YES;
				SDKROOT = iphoneos;
				SWIFT_ACTIVE_COMPILATION_CONDITIONS = DEBUG;
				SWIFT_OPTIMIZATION_LEVEL = "-Onone";
			};
			name = Debug;
		};
		388789F3281907D6007D8E1B /* Release */ = {
			isa = XCBuildConfiguration;
			buildSettings = {
				ALWAYS_SEARCH_USER_PATHS = NO;
				CLANG_ANALYZER_NONNULL = YES;
				CLANG_ANALYZER_NUMBER_OBJECT_CONVERSION = YES_AGGRESSIVE;
				CLANG_CXX_LANGUAGE_STANDARD = "gnu++17";
				CLANG_ENABLE_MODULES = YES;
				CLANG_ENABLE_OBJC_ARC = YES;
				CLANG_ENABLE_OBJC_WEAK = YES;
				CLANG_WARN_BLOCK_CAPTURE_AUTORELEASING = YES;
				CLANG_WARN_BOOL_CONVERSION = YES;
				CLANG_WARN_COMMA = YES;
				CLANG_WARN_CONSTANT_CONVERSION = YES;
				CLANG_WARN_DEPRECATED_OBJC_IMPLEMENTATIONS = YES;
				CLANG_WARN_DIRECT_OBJC_ISA_USAGE = YES_ERROR;
				CLANG_WARN_DOCUMENTATION_COMMENTS = YES;
				CLANG_WARN_EMPTY_BODY = YES;
				CLANG_WARN_ENUM_CONVERSION = YES;
				CLANG_WARN_INFINITE_RECURSION = YES;
				CLANG_WARN_INT_CONVERSION = YES;
				CLANG_WARN_NON_LITERAL_NULL_CONVERSION = YES;
				CLANG_WARN_OBJC_IMPLICIT_RETAIN_SELF = YES;
				CLANG_WARN_OBJC_LITERAL_CONVERSION = YES;
				CLANG_WARN_OBJC_ROOT_CLASS = YES_ERROR;
				CLANG_WARN_QUOTED_INCLUDE_IN_FRAMEWORK_HEADER = YES;
				CLANG_WARN_RANGE_LOOP_ANALYSIS = YES;
				CLANG_WARN_STRICT_PROTOTYPES = YES;
				CLANG_WARN_SUSPICIOUS_MOVE = YES;
				CLANG_WARN_UNGUARDED_AVAILABILITY = YES_AGGRESSIVE;
				CLANG_WARN_UNREACHABLE_CODE = YES;
				CLANG_WARN__DUPLICATE_METHOD_MATCH = YES;
				COPY_PHASE_STRIP = NO;
				DEBUG_INFORMATION_FORMAT = "dwarf-with-dsym";
				ENABLE_NS_ASSERTIONS = NO;
				ENABLE_STRICT_OBJC_MSGSEND = YES;
				GCC_C_LANGUAGE_STANDARD = gnu11;
				GCC_NO_COMMON_BLOCKS = YES;
				GCC_WARN_64_TO_32_BIT_CONVERSION = YES;
				GCC_WARN_ABOUT_RETURN_TYPE = YES_ERROR;
				GCC_WARN_UNDECLARED_SELECTOR = YES;
				GCC_WARN_UNINITIALIZED_AUTOS = YES_AGGRESSIVE;
				GCC_WARN_UNUSED_FUNCTION = YES;
				GCC_WARN_UNUSED_VARIABLE = YES;
				IPHONEOS_DEPLOYMENT_TARGET = 15.4;
				MTL_ENABLE_DEBUG_INFO = NO;
				MTL_FAST_MATH = YES;
				SDKROOT = iphoneos;
				SWIFT_COMPILATION_MODE = wholemodule;
				SWIFT_OPTIMIZATION_LEVEL = "-O";
				VALIDATE_PRODUCT = YES;
			};
			name = Release;
		};
		388789F5281907D6007D8E1B /* Debug */ = {
			isa = XCBuildConfiguration;
			buildSettings = {
				ASSETCATALOG_COMPILER_APPICON_NAME = AppIcon;
				ASSETCATALOG_COMPILER_GLOBAL_ACCENT_COLOR_NAME = AccentColor;
				CODE_SIGN_STYLE = Automatic;
				CURRENT_PROJECT_VERSION = 1;
				DEVELOPMENT_ASSET_PATHS = "\"iSight/Preview Content\"";
				DEVELOPMENT_TEAM = CS7P9L74D4;
				ENABLE_PREVIEWS = YES;
				GENERATE_INFOPLIST_FILE = YES;
				INFOPLIST_KEY_NSCameraUsageDescription = "We need camera access for object identification.";
				INFOPLIST_KEY_UIApplicationSceneManifest_Generation = YES;
				INFOPLIST_KEY_UIApplicationSupportsIndirectInputEvents = YES;
				INFOPLIST_KEY_UILaunchScreen_Generation = YES;
				INFOPLIST_KEY_UISupportedInterfaceOrientations = "UIInterfaceOrientationPortrait UIInterfaceOrientationPortraitUpsideDown UIInterfaceOrientationLandscapeLeft UIInterfaceOrientationLandscapeRight";
				INFOPLIST_KEY_UISupportedInterfaceOrientations_iPad = "UIInterfaceOrientationPortrait UIInterfaceOrientationPortraitUpsideDown UIInterfaceOrientationLandscapeLeft UIInterfaceOrientationLandscapeRight";
				INFOPLIST_KEY_UISupportedInterfaceOrientations_iPhone = "UIInterfaceOrientationPortrait UIInterfaceOrientationPortraitUpsideDown UIInterfaceOrientationLandscapeLeft UIInterfaceOrientationLandscapeRight";
				IPHONEOS_DEPLOYMENT_TARGET = 15.4;
				LD_RUNPATH_SEARCH_PATHS = (
					"$(inherited)",
					"@executable_path/Frameworks",
				);
				MARKETING_VERSION = 1.0;
				PRODUCT_BUNDLE_IDENTIFIER = DavidWilliams.iSight;
				PRODUCT_NAME = "$(TARGET_NAME)";
				SWIFT_EMIT_LOC_STRINGS = YES;
				SWIFT_VERSION = 5.0;
				TARGETED_DEVICE_FAMILY = 1;
			};
			name = Debug;
		};
		388789F6281907D6007D8E1B /* Release */ = {
			isa = XCBuildConfiguration;
			buildSettings = {
				ASSETCATALOG_COMPILER_APPICON_NAME = AppIcon;
				ASSETCATALOG_COMPILER_GLOBAL_ACCENT_COLOR_NAME = AccentColor;
				CODE_SIGN_STYLE = Automatic;
				CURRENT_PROJECT_VERSION = 1;
				DEVELOPMENT_ASSET_PATHS = "\"iSight/Preview Content\"";
				DEVELOPMENT_TEAM = CS7P9L74D4;
				ENABLE_PREVIEWS = YES;
				GENERATE_INFOPLIST_FILE = YES;
				INFOPLIST_KEY_NSCameraUsageDescription = "We need camera access for object identification.";
				INFOPLIST_KEY_UIApplicationSceneManifest_Generation = YES;
				INFOPLIST_KEY_UIApplicationSupportsIndirectInputEvents = YES;
				INFOPLIST_KEY_UILaunchScreen_Generation = YES;
				INFOPLIST_KEY_UISupportedInterfaceOrientations = "UIInterfaceOrientationPortrait UIInterfaceOrientationPortraitUpsideDown UIInterfaceOrientationLandscapeLeft UIInterfaceOrientationLandscapeRight";
				INFOPLIST_KEY_UISupportedInterfaceOrientations_iPad = "UIInterfaceOrientationPortrait UIInterfaceOrientationPortraitUpsideDown UIInterfaceOrientationLandscapeLeft UIInterfaceOrientationLandscapeRight";
				INFOPLIST_KEY_UISupportedInterfaceOrientations_iPhone = "UIInterfaceOrientationPortrait UIInterfaceOrientationPortraitUpsideDown UIInterfaceOrientationLandscapeLeft UIInterfaceOrientationLandscapeRight";
				IPHONEOS_DEPLOYMENT_TARGET = 15.4;
				LD_RUNPATH_SEARCH_PATHS = (
					"$(inherited)",
					"@executable_path/Frameworks",
				);
				MARKETING_VERSION = 1.0;
				PRODUCT_BUNDLE_IDENTIFIER = DavidWilliams.iSight;
				PRODUCT_NAME = "$(TARGET_NAME)";
				SWIFT_EMIT_LOC_STRINGS = YES;
				SWIFT_VERSION = 5.0;
				TARGETED_DEVICE_FAMILY = 1;
			};
			name = Release;
		};
		388789F8281907D6007D8E1B /* Debug */ = {
			isa = XCBuildConfiguration;
			buildSettings = {
				ALWAYS_EMBED_SWIFT_STANDARD_LIBRARIES = YES;
				BUNDLE_LOADER = "$(TEST_HOST)";
				CODE_SIGN_STYLE = Automatic;
				CURRENT_PROJECT_VERSION = 1;
				DEVELOPMENT_TEAM = CS7P9L74D4;
				GENERATE_INFOPLIST_FILE = YES;
				IPHONEOS_DEPLOYMENT_TARGET = 15.4;
				MARKETING_VERSION = 1.0;
				PRODUCT_BUNDLE_IDENTIFIER = DavidWilliams.iSightTests;
				PRODUCT_NAME = "$(TARGET_NAME)";
				SWIFT_EMIT_LOC_STRINGS = NO;
				SWIFT_VERSION = 5.0;
				TARGETED_DEVICE_FAMILY = "1,2";
				TEST_HOST = "$(BUILT_PRODUCTS_DIR)/iSight.app/iSight";
			};
			name = Debug;
		};
		388789F9281907D6007D8E1B /* Release */ = {
			isa = XCBuildConfiguration;
			buildSettings = {
				ALWAYS_EMBED_SWIFT_STANDARD_LIBRARIES = YES;
				BUNDLE_LOADER = "$(TEST_HOST)";
				CODE_SIGN_STYLE = Automatic;
				CURRENT_PROJECT_VERSION = 1;
				DEVELOPMENT_TEAM = CS7P9L74D4;
				GENERATE_INFOPLIST_FILE = YES;
				IPHONEOS_DEPLOYMENT_TARGET = 15.4;
				MARKETING_VERSION = 1.0;
				PRODUCT_BUNDLE_IDENTIFIER = DavidWilliams.iSightTests;
				PRODUCT_NAME = "$(TARGET_NAME)";
				SWIFT_EMIT_LOC_STRINGS = NO;
				SWIFT_VERSION = 5.0;
				TARGETED_DEVICE_FAMILY = "1,2";
				TEST_HOST = "$(BUILT_PRODUCTS_DIR)/iSight.app/iSight";
			};
			name = Release;
		};
		388789FB281907D6007D8E1B /* Debug */ = {
			isa = XCBuildConfiguration;
			buildSettings = {
				ALWAYS_EMBED_SWIFT_STANDARD_LIBRARIES = YES;
				CODE_SIGN_STYLE = Automatic;
				CURRENT_PROJECT_VERSION = 1;
				DEVELOPMENT_TEAM = CS7P9L74D4;
				GENERATE_INFOPLIST_FILE = YES;
				MARKETING_VERSION = 1.0;
				PRODUCT_BUNDLE_IDENTIFIER = DavidWilliams.iSightUITests;
				PRODUCT_NAME = "$(TARGET_NAME)";
				SWIFT_EMIT_LOC_STRINGS = NO;
				SWIFT_VERSION = 5.0;
				TARGETED_DEVICE_FAMILY = "1,2";
				TEST_TARGET_NAME = iSight;
			};
			name = Debug;
		};
		388789FC281907D6007D8E1B /* Release */ = {
			isa = XCBuildConfiguration;
			buildSettings = {
				ALWAYS_EMBED_SWIFT_STANDARD_LIBRARIES = YES;
				CODE_SIGN_STYLE = Automatic;
				CURRENT_PROJECT_VERSION = 1;
				DEVELOPMENT_TEAM = CS7P9L74D4;
				GENERATE_INFOPLIST_FILE = YES;
				MARKETING_VERSION = 1.0;
				PRODUCT_BUNDLE_IDENTIFIER = DavidWilliams.iSightUITests;
				PRODUCT_NAME = "$(TARGET_NAME)";
				SWIFT_EMIT_LOC_STRINGS = NO;
				SWIFT_VERSION = 5.0;
				TARGETED_DEVICE_FAMILY = "1,2";
				TEST_TARGET_NAME = iSight;
			};
			name = Release;
		};
/* End XCBuildConfiguration section */

/* Begin XCConfigurationList section */
		388789CB281907D5007D8E1B /* Build configuration list for PBXProject "iSight" */ = {
			isa = XCConfigurationList;
			buildConfigurations = (
				388789F2281907D6007D8E1B /* Debug */,
				388789F3281907D6007D8E1B /* Release */,
			);
			defaultConfigurationIsVisible = 0;
			defaultConfigurationName = Release;
		};
		388789F4281907D6007D8E1B /* Build configuration list for PBXNativeTarget "iSight" */ = {
			isa = XCConfigurationList;
			buildConfigurations = (
				388789F5281907D6007D8E1B /* Debug */,
				388789F6281907D6007D8E1B /* Release */,
			);
			defaultConfigurationIsVisible = 0;
			defaultConfigurationName = Release;
		};
		388789F7281907D6007D8E1B /* Build configuration list for PBXNativeTarget "iSightTests" */ = {
			isa = XCConfigurationList;
			buildConfigurations = (
				388789F8281907D6007D8E1B /* Debug */,
				388789F9281907D6007D8E1B /* Release */,
			);
			defaultConfigurationIsVisible = 0;
			defaultConfigurationName = Release;
		};
		388789FA281907D6007D8E1B /* Build configuration list for PBXNativeTarget "iSightUITests" */ = {
			isa = XCConfigurationList;
			buildConfigurations = (
				388789FB281907D6007D8E1B /* Debug */,
				388789FC281907D6007D8E1B /* Release */,
			);
			defaultConfigurationIsVisible = 0;
			defaultConfigurationName = Release;
		};
/* End XCConfigurationList section */
	};
	rootObject = 388789C8281907D5007D8E1B /* Project object */;
}
